
Microsoft Visual Studio Solution File, Format Version 12.00
# Visual Studio 15
VisualStudioVersion = 15.0.27130.2027
MinimumVisualStudioVersion = 10.0.40219.1
Project("{8BC9CEB8-8B4A-11D0-8D11-00A0C91BC942}") = "TextRPGBattle", "TextRPGBattle\TextRPGBattle.vcxproj", "{33D6A3F4-056F-4C6C-81E1-5DB239CB4319}"
EndProject
Global
	GlobalSection(SolutionConfigurationPlatforms) = preSolution
		Debug|x64 = Debug|x64
		Debug|x86 = Debug|x86
		Release|x64 = Release|x64
		Release|x86 = Release|x86
	EndGlobalSection
	GlobalSection(ProjectConfigurationPlatforms) = postSolution
		{33D6A3F4-056F-4C6C-81E1-5DB239CB4319}.Debug|x64.ActiveCfg = Debug|x64
		{33D6A3F4-056F-4C6C-81E1-5DB239CB4319}.Debug|x64.Build.0 = Debug|x64
		{33D6A3F4-056F-4C6C-81E1-5DB239CB4319}.Debug|x86.ActiveCfg = Debug|Win32
		{33D6A3F4-056F-4C6C-81E1-5DB239CB4319}.Debug|x86.Build.0 = Debug|Win32
		{33D6A3F4-056F-4C6C-81E1-5DB239CB4319}.Release|x64.ActiveCfg = Release|x64
		{33D6A3F4-056F-4C6C-81E1-5DB239CB4319}.Release|x64.Build.0 = Release|x64
		{33D6A3F4-056F-4C6C-81E1-5DB239CB4319}.Release|x86.ActiveCfg = Release|Win32
		{33D6A3F4-056F-4C6C-81E1-5DB239CB4319}.Release|x86.Build.0 = Release|Win32
	EndGlobalSection
	GlobalSection(SolutionProperties) = preSolution
		HideSolutionNode = FALSE
	EndGlobalSection
	GlobalSection(ExtensibilityGlobals) = postSolution
		SolutionGuid = {397C1F1D-5540-4996-803C-83A362DF533E}
	EndGlobalSection
EndGlobal
